
Microsoft Visual Studio Solution File, Format Version 12.00
# Visual Studio 15
VisualStudioVersion = 15.0.28307.421
MinimumVisualStudioVersion = 10.0.40219.1
Project("{9A19103F-16F7-4668-BE54-9A1E7A4F7556}") = "Sander.SequentialGuid", "Sander.SequentialGuid\Sander.SequentialGuid.csproj", "{7903FCC8-D059-483D-814A-7A615849892B}"
EndProject
Project("{2150E333-8FDC-42A3-9474-1A3956D46DE8}") = "Tests", "Tests", "{8B86DE31-9CD2-45A2-B305-A2844F11552C}"
EndProject
Project("{FAE04EC0-301F-11D3-BF4B-00C04F79EFBC}") = "PerformanceTests", "Tests\PerformanceTests\PerformanceTests.csproj", "{FF9B0931-4296-4AEF-9CDD-C9142CF969D2}"
EndProject
Project("{FAE04EC0-301F-11D3-BF4B-00C04F79EFBC}") = "Sander.SequentialGuid.Tests", "Sander.SequentialGuid.Tests\Sander.SequentialGuid.Tests.csproj", "{B3167095-8310-4D52-9DF3-82EDA626F8D3}"
EndProject
Project("{2150E333-8FDC-42A3-9474-1A3956D46DE8}") = "Doc", "Doc", "{9E1D0E5B-636B-41A1-96A1-3169F0E28E55}"
	ProjectSection(SolutionItems) = preProject
		readme.md = readme.md
	EndProjectSection
EndProject
Global
	GlobalSection(SolutionConfigurationPlatforms) = preSolution
		Debug|Any CPU = Debug|Any CPU
		Release|Any CPU = Release|Any CPU
	EndGlobalSection
	GlobalSection(ProjectConfigurationPlatforms) = postSolution
		{7903FCC8-D059-483D-814A-7A615849892B}.Debug|Any CPU.ActiveCfg = Debug|Any CPU
		{7903FCC8-D059-483D-814A-7A615849892B}.Debug|Any CPU.Build.0 = Debug|Any CPU
		{7903FCC8-D059-483D-814A-7A615849892B}.Release|Any CPU.ActiveCfg = Release|Any CPU
		{7903FCC8-D059-483D-814A-7A615849892B}.Release|Any CPU.Build.0 = Release|Any CPU
		{FF9B0931-4296-4AEF-9CDD-C9142CF969D2}.Debug|Any CPU.ActiveCfg = Debug|Any CPU
		{FF9B0931-4296-4AEF-9CDD-C9142CF969D2}.Debug|Any CPU.Build.0 = Debug|Any CPU
		{FF9B0931-4296-4AEF-9CDD-C9142CF969D2}.Release|Any CPU.ActiveCfg = Release|Any CPU
		{FF9B0931-4296-4AEF-9CDD-C9142CF969D2}.Release|Any CPU.Build.0 = Release|Any CPU
		{B3167095-8310-4D52-9DF3-82EDA626F8D3}.Debug|Any CPU.ActiveCfg = Debug|Any CPU
		{B3167095-8310-4D52-9DF3-82EDA626F8D3}.Debug|Any CPU.Build.0 = Debug|Any CPU
		{B3167095-8310-4D52-9DF3-82EDA626F8D3}.Release|Any CPU.ActiveCfg = Release|Any CPU
		{B3167095-8310-4D52-9DF3-82EDA626F8D3}.Release|Any CPU.Build.0 = Release|Any CPU
	EndGlobalSection
	GlobalSection(SolutionProperties) = preSolution
		HideSolutionNode = FALSE
	EndGlobalSection
	GlobalSection(NestedProjects) = preSolution
		{FF9B0931-4296-4AEF-9CDD-C9142CF969D2} = {8B86DE31-9CD2-45A2-B305-A2844F11552C}
		{B3167095-8310-4D52-9DF3-82EDA626F8D3} = {8B86DE31-9CD2-45A2-B305-A2844F11552C}
	EndGlobalSection
	GlobalSection(ExtensibilityGlobals) = postSolution
		SolutionGuid = {9C8BB659-8915-462A-BDE6-4A606D9F6B4B}
	EndGlobalSection
EndGlobal
